schema: '2.0'
stages:
  process_chunks:
    cmd: "powershell -ExecutionPolicy ByPass -File process_chunks.ps1\n"
    deps:
    - path: process_chunks.ps1
      hash: md5
      md5: e1cfe6d26b78700b116f0216e1e5cf58
      size: 1098
    - path: src/data/recipe_full.csv
      hash: md5
      md5: 81cd47335b78ca6c281a0d252507b490
      size: 535006742
    outs:
    - path: chunks/
      hash: md5
      md5: d751713988987e9331980363e24189ce.dir
      size: 0
      nfiles: 0
